
Microsoft Visual Studio Solution File, Format Version 12.00
# Visual Studio Version 17
VisualStudioVersion = 17.14.36408.4 d17.14
MinimumVisualStudioVersion = 10.0.40219.1
Project("{FAE04EC0-301F-11D3-BF4B-00C04F79EFBC}") = "School.Api", "School.Api.csproj", "{C5CF4837-2091-DB39-8B9A-1CD1A3503023}"
EndProject
Global
	GlobalSection(SolutionConfigurationPlatforms) = preSolution
		Debug|Any CPU = Debug|Any CPU
		Release|Any CPU = Release|Any CPU
	EndGlobalSection
	GlobalSection(ProjectConfigurationPlatforms) = postSolution
		{C5CF4837-2091-DB39-8B9A-1CD1A3503023}.Debug|Any CPU.ActiveCfg = Debug|Any CPU
		{C5CF4837-2091-DB39-8B9A-1CD1A3503023}.Debug|Any CPU.Build.0 = Debug|Any CPU
		{C5CF4837-2091-DB39-8B9A-1CD1A3503023}.Release|Any CPU.ActiveCfg = Release|Any CPU
		{C5CF4837-2091-DB39-8B9A-1CD1A3503023}.Release|Any CPU.Build.0 = Release|Any CPU
	EndGlobalSection
	GlobalSection(SolutionProperties) = preSolution
		HideSolutionNode = FALSE
	EndGlobalSection
	GlobalSection(ExtensibilityGlobals) = postSolution
		SolutionGuid = {B2DD73AE-D439-4C23-ABC2-DF8143152B28}
	EndGlobalSection
EndGlobal 
